%{
  "exrows_channel": {:git, "https://github.com/yauhsien/exrows.git", "f5480e2f58540cb108e139397b71de56c343c456", [branch: "main", sparse: "apps/exrows_channel"]},
  "phoenix_pubsub": {:hex, :phoenix_pubsub, "2.1.1", "ba04e489ef03763bf28a17eb2eaddc2c20c6d217e2150a61e3298b0f4c2012b5", [:mix], [], "hexpm", "81367c6d1eea5878ad726be80808eb5a787a23dee699f96e72b1109c57cdd8d9"},
  "typed_struct": {:hex, :typed_struct, "0.2.1", "e1993414c371f09ff25231393b6430bd89d780e2a499ae3b2d2b00852f593d97", [:mix], [], "hexpm", "8f5218c35ec38262f627b2c522542f1eae41f625f92649c0af701a6fab2e11b3"},
}
